Microsoft Visual Studio Solution File, Format Version 12.00
# Visual Studio Version 17
VisualStudioVersion = 17.13.35931.197
MinimumVisualStudioVersion = 10.0.40219.1
Project("{FAE04EC0-301F-11D3-BF4B-00C04F79EFBC}") = "SimpleBankSystem", "SimpleBankSystem\SimpleBankSystem.csproj", "{BEF781F2-6A09-4529-818B-E66AC6A3E975}"
EndProject
Global
	GlobalSection(SolutionConfigurationPlatforms) = preSolution
		Debug|Any CPU = Debug|Any CPU
		Release|Any CPU = Release|Any CPU
	EndGlobalSection
	GlobalSection(ProjectConfigurationPlatforms) = postSolution
		{BEF781F2-6A09-4529-818B-E66AC6A3E975}.Debug|Any CPU.ActiveCfg = Debug|Any CPU
		{BEF781F2-6A09-4529-818B-E66AC6A3E975}.Debug|Any CPU.Build.0 = Debug|Any CPU
		{BEF781F2-6A09-4529-818B-E66AC6A3E975}.Release|Any CPU.ActiveCfg = Release|Any CPU
		{BEF781F2-6A09-4529-818B-E66AC6A3E975}.Release|Any CPU.Build.0 = Release|Any CPU
	EndGlobalSection
	GlobalSection(SolutionProperties) = preSolution
		HideSolutionNode = FALSE
	EndGlobalSection
	GlobalSection(ExtensibilityGlobals) = postSolution
		SolutionGuid = {2E3409F1-EBAC-4B3C-A879-7E10FE7F6290}
	EndGlobalSection
EndGlobal
